// !$*UTF8*$!
{
	archiveVersion = 1;
	classes = {
	};
	objectVersion = 56;
	objects = {

/* Begin PBXBuildFile section */
		1A0F3E9D28F949090094141E /* OrderViewController.swift in Sources */ = {isa = PBXBuildFile; fileRef = 1A0F3E9C28F949090094141E /* OrderViewController.swift */; };
		1A0F3E9F28F9491D0094141E /* MenuCollectionViewCell.swift in Sources */ = {isa = PBXBuildFile; fileRef = 1A0F3E9E28F9491D0094141E /* MenuCollectionViewCell.swift */; };
		1A0F3EA128F9B52B0094141E /* MyCollectionViewCell.xib in Resources */ = {isa = PBXBuildFile; fileRef = 1A0F3EA028F9B52B0094141E /* MyCollectionViewCell.xib */; };
		1A0F3EA328F9B64B0094141E /* MenuCollectionViewCell.xib in Resources */ = {isa = PBXBuildFile; fileRef = 1A0F3EA228F9B64B0094141E /* MenuCollectionViewCell.xib */; };
		1A0F3EA528F9CE9A0094141E /* Constants.swift in Sources */ = {isa = PBXBuildFile; fileRef = 1A0F3EA428F9CE9A0094141E /* Constants.swift */; };
		1AB57E912902854400709C54 /* GoogleService-Info.plist in Resources */ = {isa = PBXBuildFile; fileRef = 1AB57E902902854300709C54 /* GoogleService-Info.plist */; };
		1AB57E9429044C1300709C54 /* OrdersCollectionViewCell.swift in Sources */ = {isa = PBXBuildFile; fileRef = 1AB57E9229044C1300709C54 /* OrdersCollectionViewCell.swift */; };
		1AB57E9529044C1400709C54 /* OrdersCollectionViewCell.xib in Resources */ = {isa = PBXBuildFile; fileRef = 1AB57E9329044C1300709C54 /* OrdersCollectionViewCell.xib */; };
		1AC1AFA528F9340000772167 /* AppDelegate.swift in Sources */ = {isa = PBXBuildFile; fileRef = 1AC1AFA428F9340000772167 /* AppDelegate.swift */; };
		1AC1AFA928F9340000772167 /* ViewController.swift in Sources */ = {isa = PBXBuildFile; fileRef = 1AC1AFA828F9340000772167 /* ViewController.swift */; };
		1AC1AFAC28F9340000772167 /* Main.storyboard in Resources */ = {isa = PBXBuildFile; fileRef = 1AC1AFAA28F9340000772167 /* Main.storyboard */; };
		1AC1AFAE28F9340600772167 /* Assets.xcassets in Resources */ = {isa = PBXBuildFile; fileRef = 1AC1AFAD28F9340600772167 /* Assets.xcassets */; };
		1AC1AFB128F9340600772167 /* LaunchScreen.storyboard in Resources */ = {isa = PBXBuildFile; fileRef = 1AC1AFAF28F9340600772167 /* LaunchScreen.storyboard */; };
		1AC1AFB928F9394700772167 /* MyCollectionViewCell.swift in Sources */ = {isa = PBXBuildFile; fileRef = 1AC1AFB828F9394700772167 /* MyCollectionViewCell.swift */; };
		1AECCE2D29045195000BA342 /* AdminViewController.swift in Sources */ = {isa = PBXBuildFile; fileRef = 1AECCE2C29045195000BA342 /* AdminViewController.swift */; };
		1AECCE2F29083FFC000BA342 /* TTSManager.swift in Sources */ = {isa = PBXBuildFile; fileRef = 1AECCE2E29083FFC000BA342 /* TTSManager.swift */; };
		BF9FDEDB84217428820B467E /* Pods_DSMCafe.framework in Frameworks */ = {isa = PBXBuildFile; fileRef = EC0B355654880FFD507A4376 /* Pods_DSMCafe.framework */; };
/* End PBXBuildFile section */

/* Begin PBXFileReference section */
		1A0F3E9C28F949090094141E /* OrderViewController.swift */ = {isa = PBXFileReference; lastKnownFileType = sourcecode.swift; path = OrderViewController.swift; sourceTree = "<group>"; };
		1A0F3E9E28F9491D0094141E /* MenuCollectionViewCell.swift */ = {isa = PBXFileReference; lastKnownFileType = sourcecode.swift; path = MenuCollectionViewCell.swift; sourceTree = "<group>"; };
		1A0F3EA028F9B52B0094141E /* MyCollectionViewCell.xib */ = {isa = PBXFileReference; lastKnownFileType = file.xib; path = MyCollectionViewCell.xib; sourceTree = "<group>"; };
		1A0F3EA228F9B64B0094141E /* MenuCollectionViewCell.xib */ = {isa = PBXFileReference; lastKnownFileType = file.xib; path = MenuCollectionViewCell.xib; sourceTree = "<group>"; };
		1A0F3EA428F9CE9A0094141E /* Constants.swift */ = {isa = PBXFileReference; lastKnownFileType = sourcecode.swift; path = Constants.swift; sourceTree = "<group>"; };
		1AB57E902902854300709C54 /* GoogleService-Info.plist */ = {isa = PBXFileReference; fileEncoding = 4; lastKnownFileType = text.plist.xml; path = "GoogleService-Info.plist"; sourceTree = "<group>"; };
		1AB57E9229044C1300709C54 /* OrdersCollectionViewCell.swift */ = {isa = PBXFileReference; lastKnownFileType = sourcecode.swift; path = OrdersCollectionViewCell.swift; sourceTree = "<group>"; };
		1AB57E9329044C1300709C54 /* OrdersCollectionViewCell.xib */ = {isa = PBXFileReference; lastKnownFileType = file.xib; path = OrdersCollectionViewCell.xib; sourceTree = "<group>"; };
		1AC1AFA128F9340000772167 /* DSMCafe.app */ = {isa = PBXFileReference; explicitFileType = wrapper.application; includeInIndex = 0; path = DSMCafe.app; sourceTree = BUILT_PRODUCTS_DIR; };
		1AC1AFA428F9340000772167 /* AppDelegate.swift */ = {isa = PBXFileReference; lastKnownFileType = sourcecode.swift; path = AppDelegate.swift; sourceTree = "<group>"; };
		1AC1AFA828F9340000772167 /* ViewController.swift */ = {isa = PBXFileReference; lastKnownFileType = sourcecode.swift; path = ViewController.swift; sourceTree = "<group>"; };
		1AC1AFAB28F9340000772167 /* Base */ = {isa = PBXFileReference; lastKnownFileType = file.storyboard; name = Base; path = Base.lproj/Main.storyboard; sourceTree = "<group>"; };
		1AC1AFAD28F9340600772167 /* Assets.xcassets */ = {isa = PBXFileReference; lastKnownFileType = folder.assetcatalog; path = Assets.xcassets; sourceTree = "<group>"; };
		1AC1AFB028F9340600772167 /* Base */ = {isa = PBXFileReference; lastKnownFileType = file.storyboard; name = Base; path = Base.lproj/LaunchScreen.storyboard; sourceTree = "<group>"; };
		1AC1AFB228F9340600772167 /* Info.plist */ = {isa = PBXFileReference; lastKnownFileType = text.plist.xml; path = Info.plist; sourceTree = "<group>"; };
		1AC1AFB828F9394700772167 /* MyCollectionViewCell.swift */ = {isa = PBXFileReference; lastKnownFileType = sourcecode.swift; path = MyCollectionViewCell.swift; sourceTree = "<group>"; };
		1AECCE2C29045195000BA342 /* AdminViewController.swift */ = {isa = PBXFileReference; lastKnownFileType = sourcecode.swift; path = AdminViewController.swift; sourceTree = "<group>"; };
		1AECCE2E29083FFC000BA342 /* TTSManager.swift */ = {isa = PBXFileReference; lastKnownFileType = sourcecode.swift; path = TTSManager.swift; sourceTree = "<group>"; };
		22BACC4544F51669213BADAA /* Pods-DSMCafe.debug.xcconfig */ = {isa = PBXFileReference; includeInIndex = 1; lastKnownFileType = text.xcconfig; name = "Pods-DSMCafe.debug.xcconfig"; path = "Target Support Files/Pods-DSMCafe/Pods-DSMCafe.debug.xcconfig"; sourceTree = "<group>"; };
		919ACD569F81C0CEC850625D /* Pods-DSMCafe.release.xcconfig */ = {isa = PBXFileReference; includeInIndex = 1; lastKnownFileType = text.xcconfig; name = "Pods-DSMCafe.release.xcconfig"; path = "Target Support Files/Pods-DSMCafe/Pods-DSMCafe.release.xcconfig"; sourceTree = "<group>"; };
		EC0B355654880FFD507A4376 /* Pods_DSMCafe.framework */ = {isa = PBXFileReference; explicitFileType = wrapper.framework; includeInIndex = 0; path = Pods_DSMCafe.framework; sourceTree = BUILT_PRODUCTS_DIR; };
/* End PBXFileReference section */

/* Begin PBXFrameworksBuildPhase section */
		1AC1AF9E28F9340000772167 /* Frameworks */ = {
			isa = PBXFrameworksBuildPhase;
			buildActionMask = 2147483647;
			files = (
				BF9FDEDB84217428820B467E /* Pods_DSMCafe.framework in Frameworks */,
			);
			runOnlyForDeploymentPostprocessing = 0;
		};
/* End PBXFrameworksBuildPhase section */

/* Begin PBXGroup section */
		1AC1AF9828F9340000772167 = {
			isa = PBXGroup;
			children = (
				1AC1AFA328F9340000772167 /* DSMCafe */,
				1AC1AFA228F9340000772167 /* Products */,
				A95376722996A787C6152BDD /* Pods */,
				8CF10EF5070C49359FCC0F85 /* Frameworks */,
			);
			sourceTree = "<group>";
		};
		1AC1AFA228F9340000772167 /* Products */ = {
			isa = PBXGroup;
			children = (
				1AC1AFA128F9340000772167 /* DSMCafe.app */,
			);
			name = Products;
			sourceTree = "<group>";
		};
		1AC1AFA328F9340000772167 /* DSMCafe */ = {
			isa = PBXGroup;
			children = (
				1AC1AFA428F9340000772167 /* AppDelegate.swift */,
				1AC1AFA828F9340000772167 /* ViewController.swift */,
				1AC1AFB828F9394700772167 /* MyCollectionViewCell.swift */,
				1A0F3EA028F9B52B0094141E /* MyCollectionViewCell.xib */,
				1A0F3E9C28F949090094141E /* OrderViewController.swift */,
				1A0F3E9E28F9491D0094141E /* MenuCollectionViewCell.swift */,
				1A0F3EA228F9B64B0094141E /* MenuCollectionViewCell.xib */,
				1AC1AFAA28F9340000772167 /* Main.storyboard */,
				1AC1AFAF28F9340600772167 /* LaunchScreen.storyboard */,
				1AECCE2C29045195000BA342 /* AdminViewController.swift */,
				1AB57E9229044C1300709C54 /* OrdersCollectionViewCell.swift */,
				1AB57E9329044C1300709C54 /* OrdersCollectionViewCell.xib */,
				1A0F3EA428F9CE9A0094141E /* Constants.swift */,
				1AB57E902902854300709C54 /* GoogleService-Info.plist */,
				1AC1AFB228F9340600772167 /* Info.plist */,
				1AC1AFAD28F9340600772167 /* Assets.xcassets */,
				1AECCE2E29083FFC000BA342 /* TTSManager.swift */,
			);
			path = DSMCafe;
			sourceTree = "<group>";
		};
		8CF10EF5070C49359FCC0F85 /* Frameworks */ = {
			isa = PBXGroup;
			children = (
				EC0B355654880FFD507A4376 /* Pods_DSMCafe.framework */,
			);
			name = Frameworks;
			sourceTree = "<group>";
		};
		A95376722996A787C6152BDD /* Pods */ = {
			isa = PBXGroup;
			children = (
				22BACC4544F51669213BADAA /* Pods-DSMCafe.debug.xcconfig */,
				919ACD569F81C0CEC850625D /* Pods-DSMCafe.release.xcconfig */,
			);
			path = Pods;
			sourceTree = "<group>";
		};
/* End PBXGroup section */

/* Begin PBXNativeTarget section */
		1AC1AFA028F9340000772167 /* DSMCafe */ = {
			isa = PBXNativeTarget;
			buildConfigurationList = 1AC1AFB528F9340600772167 /* Build configuration list for PBXNativeTarget "DSMCafe" */;
			buildPhases = (
				DFC074E1EFED4029A14F65F6 /* [CP] Check Pods Manifest.lock */,
				1AC1AF9D28F9340000772167 /* Sources */,
				1AC1AF9E28F9340000772167 /* Frameworks */,
				1AC1AF9F28F9340000772167 /* Resources */,
				2833AF3F7E90BF876C724C50 /* [CP] Embed Pods Frameworks */,
			);
			buildRules = (
			);
			dependencies = (
			);
			name = DSMCafe;
			productName = DSMCafe;
			productReference = 1AC1AFA128F9340000772167 /* DSMCafe.app */;
			productType = "com.apple.product-type.application";
		};
/* End PBXNativeTarget section */

/* Begin PBXProject section */
		1AC1AF9928F9340000772167 /* Project object */ = {
			isa = PBXProject;
			attributes = {
				BuildIndependentTargetsInParallel = 1;
				LastSwiftUpdateCheck = 1400;
				LastUpgradeCheck = 1400;
				TargetAttributes = {
					1AC1AFA028F9340000772167 = {
						CreatedOnToolsVersion = 14.0.1;
					};
				};
			};
			buildConfigurationList = 1AC1AF9C28F9340000772167 /* Build configuration list for PBXProject "DSMCafe" */;
			compatibilityVersion = "Xcode 14.0";
			developmentRegion = en;
			hasScannedForEncodings = 0;
			knownRegions = (
				en,
				Base,
			);
			mainGroup = 1AC1AF9828F9340000772167;
			productRefGroup = 1AC1AFA228F9340000772167 /* Products */;
			projectDirPath = "";
			projectRoot = "";
			targets = (
				1AC1AFA028F9340000772167 /* DSMCafe */,
			);
		};
/* End PBXProject section */

/* Begin PBXResourcesBuildPhase section */
		1AC1AF9F28F9340000772167 /* Resources */ = {
			isa = PBXResourcesBuildPhase;
			buildActionMask = 2147483647;
			files = (
				1AC1AFB128F9340600772167 /* LaunchScreen.storyboard in Resources */,
				1AC1AFAE28F9340600772167 /* Assets.xcassets in Resources */,
				1A0F3EA328F9B64B0094141E /* MenuCollectionViewCell.xib in Resources */,
				1AB57E9529044C1400709C54 /* OrdersCollectionViewCell.xib in Resources */,
				1AC1AFAC28F9340000772167 /* Main.storyboard in Resources */,
				1AB57E912902854400709C54 /* GoogleService-Info.plist in Resources */,
				1A0F3EA128F9B52B0094141E /* MyCollectionViewCell.xib in Resources */,
			);
			runOnlyForDeploymentPostprocessing = 0;
		};
/* End PBXResourcesBuildPhase section */

/* Begin PBXShellScriptBuildPhase section */
		2833AF3F7E90BF876C724C50 /* [CP] Embed Pods Frameworks */ = {
			isa = PBXShellScriptBuildPhase;
			buildActionMask = 2147483647;
			files = (
			);
			inputFileListPaths = (
				"${PODS_ROOT}/Target Support Files/Pods-DSMCafe/Pods-DSMCafe-frameworks-${CONFIGURATION}-input-files.xcfilelist",
			);
			name = "[CP] Embed Pods Frameworks";
			outputFileListPaths = (
				"${PODS_ROOT}/Target Support Files/Pods-DSMCafe/Pods-DSMCafe-frameworks-${CONFIGURATION}-output-files.xcfilelist",
			);
			runOnlyForDeploymentPostprocessing = 0;
			shellPath = /bin/sh;
			shellScript = "\"${PODS_ROOT}/Target Support Files/Pods-DSMCafe/Pods-DSMCafe-frameworks.sh\"\n";
			showEnvVarsInLog = 0;
		};
		DFC074E1EFED4029A14F65F6 /* [CP] Check Pods Manifest.lock */ = {
			isa = PBXShellScriptBuildPhase;
			buildActionMask = 2147483647;
			files = (
			);
			inputFileListPaths = (
			);
			inputPaths = (
				"${PODS_PODFILE_DIR_PATH}/Podfile.lock",
				"${PODS_ROOT}/Manifest.lock",
			);
			name = "[CP] Check Pods Manifest.lock";
			outputFileListPaths = (
			);
			outputPaths = (
				"$(DERIVED_FILE_DIR)/Pods-DSMCafe-checkManifestLockResult.txt",
			);
			runOnlyForDeploymentPostprocessing = 0;
			shellPath = /bin/sh;
			shellScript = "diff \"${PODS_PODFILE_DIR_PATH}/Podfile.lock\" \"${PODS_ROOT}/Manifest.lock\" > /dev/null\nif [ $? != 0 ] ; then\n    # print error to STDERR\n    echo \"error: The sandbox is not in sync with the Podfile.lock. Run 'pod install' or update your CocoaPods installation.\" >&2\n    exit 1\nfi\n# This output is used by Xcode 'outputs' to avoid re-running this script phase.\necho \"SUCCESS\" > \"${SCRIPT_OUTPUT_FILE_0}\"\n";
			showEnvVarsInLog = 0;
		};
/* End PBXShellScriptBuildPhase section */

/* Begin PBXSourcesBuildPhase section */
		1AC1AF9D28F9340000772167 /* Sources */ = {
			isa = PBXSourcesBuildPhase;
			buildActionMask = 2147483647;
			files = (
				1AC1AFA928F9340000772167 /* ViewController.swift in Sources */,
				1AB57E9429044C1300709C54 /* OrdersCollectionViewCell.swift in Sources */,
				1AC1AFA528F9340000772167 /* AppDelegate.swift in Sources */,
				1AC1AFB928F9394700772167 /* MyCollectionViewCell.swift in Sources */,
				1AECCE2F29083FFC000BA342 /* TTSManager.swift in Sources */,
				1AECCE2D29045195000BA342 /* AdminViewController.swift in Sources */,
				1A0F3E9D28F949090094141E /* OrderViewController.swift in Sources */,
				1A0F3E9F28F9491D0094141E /* MenuCollectionViewCell.swift in Sources */,
				1A0F3EA528F9CE9A0094141E /* Constants.swift in Sources */,
			);
			runOnlyForDeploymentPostprocessing = 0;
		};
/* End PBXSourcesBuildPhase section */

/* Begin PBXVariantGroup section */
		1AC1AFAA28F9340000772167 /* Main.storyboard */ = {
			isa = PBXVariantGroup;
			children = (
				1AC1AFAB28F9340000772167 /* Base */,
			);
			name = Main.storyboard;
			sourceTree = "<group>";
		};
		1AC1AFAF28F9340600772167 /* LaunchScreen.storyboard */ = {
			isa = PBXVariantGroup;
			children = (
				1AC1AFB028F9340600772167 /* Base */,
			);
			name = LaunchScreen.storyboard;
			sourceTree = "<group>";
		};
/* End PBXVariantGroup section */

/* Begin XCBuildConfiguration section */
		1AC1AFB328F9340600772167 /* Debug */ = {
			isa = XCBuildConfiguration;
			buildSettings = {
				ALWAYS_SEARCH_USER_PATHS = NO;
				CLANG_ANALYZER_NONNULL = YES;
				CLANG_ANALYZER_NUMBER_OBJECT_CONVERSION = YES_AGGRESSIVE;
				CLANG_CXX_LANGUAGE_STANDARD = "gnu++20";
				CLANG_ENABLE_MODULES = YES;
				CLANG_ENABLE_OBJC_ARC = YES;
				CLANG_ENABLE_OBJC_WEAK = YES;
				CLANG_WARN_BLOCK_CAPTURE_AUTORELEASING = YES;
				CLANG_WARN_BOOL_CONVERSION = YES;
				CLANG_WARN_COMMA = YES;
				CLANG_WARN_CONSTANT_CONVERSION = YES;
				CLANG_WARN_DEPRECATED_OBJC_IMPLEMENTATIONS = YES;
				CLANG_WARN_DIRECT_OBJC_ISA_USAGE = YES_ERROR;
				CLANG_WARN_DOCUMENTATION_COMMENTS = YES;
				CLANG_WARN_EMPTY_BODY = YES;
				CLANG_WARN_ENUM_CONVERSION = YES;
				CLANG_WARN_INFINITE_RECURSION = YES;
				CLANG_WARN_INT_CONVERSION = YES;
				CLANG_WARN_NON_LITERAL_NULL_CONVERSION = YES;
				CLANG_WARN_OBJC_IMPLICIT_RETAIN_SELF = YES;
				CLANG_WARN_OBJC_LITERAL_CONVERSION = YES;
				CLANG_WARN_OBJC_ROOT_CLASS = YES_ERROR;
				CLANG_WARN_QUOTED_INCLUDE_IN_FRAMEWORK_HEADER = YES;
				CLANG_WARN_RANGE_LOOP_ANALYSIS = YES;
				CLANG_WARN_STRICT_PROTOTYPES = YES;
				CLANG_WARN_SUSPICIOUS_MOVE = YES;
				CLANG_WARN_UNGUARDED_AVAILABILITY = YES_AGGRESSIVE;
				CLANG_WARN_UNREACHABLE_CODE = YES;
				CLANG_WARN__DUPLICATE_METHOD_MATCH = YES;
				COPY_PHASE_STRIP = NO;
				DEBUG_INFORMATION_FORMAT = dwarf;
				ENABLE_STRICT_OBJC_MSGSEND = YES;
				ENABLE_TESTABILITY = YES;
				GCC_C_LANGUAGE_STANDARD = gnu11;
				GCC_DYNAMIC_NO_PIC = NO;
				GCC_NO_COMMON_BLOCKS = YES;
				GCC_OPTIMIZATION_LEVEL = 0;
				GCC_PREPROCESSOR_DEFINITIONS = (
					"DEBUG=1",
					"$(inherited)",
				);
				GCC_WARN_64_TO_32_BIT_CONVERSION = YES;
				GCC_WARN_ABOUT_RETURN_TYPE = YES_ERROR;
				GCC_WARN_UNDECLARED_SELECTOR = YES;
				GCC_WARN_UNINITIALIZED_AUTOS = YES_AGGRESSIVE;
				GCC_WARN_UNUSED_FUNCTION = YES;
				GCC_WARN_UNUSED_VARIABLE = YES;
				IPHONEOS_DEPLOYMENT_TARGET = 15.0;
				MTL_ENABLE_DEBUG_INFO = INCLUDE_SOURCE;
				MTL_FAST_MATH = YES;
				ONLY_ACTIVE_ARCH = YES;
				SDKROOT = iphoneos;
				SWIFT_ACTIVE_COMPILATION_CONDITIONS = DEBUG;
				SWIFT_OPTIMIZATION_LEVEL = "-Onone";
			};
			name = Debug;
		};
		1AC1AFB428F9340600772167 /* Release */ = {
			isa = XCBuildConfiguration;
			buildSettings = {
				ALWAYS_SEARCH_USER_PATHS = NO;
				CLANG_ANALYZER_NONNULL = YES;
				CLANG_ANALYZER_NUMBER_OBJECT_CONVERSION = YES_AGGRESSIVE;
				CLANG_CXX_LANGUAGE_STANDARD = "gnu++20";
				CLANG_ENABLE_MODULES = YES;
				CLANG_ENABLE_OBJC_ARC = YES;
				CLANG_ENABLE_OBJC_WEAK = YES;
				CLANG_WARN_BLOCK_CAPTURE_AUTORELEASING = YES;
				CLANG_WARN_BOOL_CONVERSION = YES;
				CLANG_WARN_COMMA = YES;
				CLANG_WARN_CONSTANT_CONVERSION = YES;
				CLANG_WARN_DEPRECATED_OBJC_IMPLEMENTATIONS = YES;
				CLANG_WARN_DIRECT_OBJC_ISA_USAGE = YES_ERROR;
				CLANG_WARN_DOCUMENTATION_COMMENTS = YES;
				CLANG_WARN_EMPTY_BODY = YES;
				CLANG_WARN_ENUM_CONVERSION = YES;
				CLANG_WARN_INFINITE_RECURSION = YES;
				CLANG_WARN_INT_CONVERSION = YES;
				CLANG_WARN_NON_LITERAL_NULL_CONVERSION = YES;
				CLANG_WARN_OBJC_IMPLICIT_RETAIN_SELF = YES;
				CLANG_WARN_OBJC_LITERAL_CONVERSION = YES;
				CLANG_WARN_OBJC_ROOT_CLASS = YES_ERROR;
				CLANG_WARN_QUOTED_INCLUDE_IN_FRAMEWORK_HEADER = YES;
				CLANG_WARN_RANGE_LOOP_ANALYSIS = YES;
				CLANG_WARN_STRICT_PROTOTYPES = YES;
				CLANG_WARN_SUSPICIOUS_MOVE = YES;
				CLANG_WARN_UNGUARDED_AVAILABILITY = YES_AGGRESSIVE;
				CLANG_WARN_UNREACHABLE_CODE = YES;
				CLANG_WARN__DUPLICATE_METHOD_MATCH = YES;
				COPY_PHASE_STRIP = NO;
				DEBUG_INFORMATION_FORMAT = "dwarf-with-dsym";
				ENABLE_NS_ASSERTIONS = NO;
				ENABLE_STRICT_OBJC_MSGSEND = YES;
				GCC_C_LANGUAGE_STANDARD = gnu11;
				GCC_NO_COMMON_BLOCKS = YES;
				GCC_WARN_64_TO_32_BIT_CONVERSION = YES;
				GCC_WARN_ABOUT_RETURN_TYPE = YES_ERROR;
				GCC_WARN_UNDECLARED_SELECTOR = YES;
				GCC_WARN_UNINITIALIZED_AUTOS = YES_AGGRESSIVE;
				GCC_WARN_UNUSED_FUNCTION = YES;
				GCC_WARN_UNUSED_VARIABLE = YES;
				IPHONEOS_DEPLOYMENT_TARGET = 15.0;
				MTL_ENABLE_DEBUG_INFO = NO;
				MTL_FAST_MATH = YES;
				SDKROOT = iphoneos;
				SWIFT_COMPILATION_MODE = wholemodule;
				SWIFT_OPTIMIZATION_LEVEL = "-O";
				VALIDATE_PRODUCT = YES;
			};
			name = Release;
		};
		1AC1AFB628F9340600772167 /* Debug */ = {
			isa = XCBuildConfiguration;
			baseConfigurationReference = 22BACC4544F51669213BADAA /* Pods-DSMCafe.debug.xcconfig */;
			buildSettings = {
				ASSETCATALOG_COMPILER_APPICON_NAME = AppIcon;
				ASSETCATALOG_COMPILER_GLOBAL_ACCENT_COLOR_NAME = AccentColor;
				CODE_SIGN_IDENTITY = "Apple Development";
				CODE_SIGN_STYLE = Automatic;
				CURRENT_PROJECT_VERSION = 1;
				DEVELOPMENT_TEAM = 6DXT245L5T;
				GENERATE_INFOPLIST_FILE = YES;
				INFOPLIST_FILE = DSMCafe/Info.plist;
				INFOPLIST_KEY_CFBundleDisplayName = "일일카페";
				INFOPLIST_KEY_UIApplicationSupportsIndirectInputEvents = YES;
				INFOPLIST_KEY_UILaunchStoryboardName = LaunchScreen;
				INFOPLIST_KEY_UIMainStoryboardFile = Main;
				INFOPLIST_KEY_UIRequiresFullScreen = YES;
				INFOPLIST_KEY_UISupportedInterfaceOrientations = "UIInterfaceOrientationLandscapeLeft UIInterfaceOrientationLandscapeRight";
				IPHONEOS_DEPLOYMENT_TARGET = 15.0;
				LD_RUNPATH_SEARCH_PATHS = (
					"$(inherited)",
					"@executable_path/Frameworks",
				);
				MARKETING_VERSION = 1.0;
				PRODUCT_BUNDLE_IDENTIFIER = konkuk.jhpark.DSMCafe;
				PRODUCT_NAME = "$(TARGET_NAME)";
				PROVISIONING_PROFILE_SPECIFIER = "";
				SWIFT_EMIT_LOC_STRINGS = YES;
				SWIFT_VERSION = 5.0;
				TARGETED_DEVICE_FAMILY = "1,2";
			};
			name = Debug;
		};
		1AC1AFB728F9340600772167 /* Release */ = {
			isa = XCBuildConfiguration;
			baseConfigurationReference = 919ACD569F81C0CEC850625D /* Pods-DSMCafe.release.xcconfig */;
			buildSettings = {
				ASSETCATALOG_COMPILER_APPICON_NAME = AppIcon;
				ASSETCATALOG_COMPILER_GLOBAL_ACCENT_COLOR_NAME = AccentColor;
				CODE_SIGN_IDENTITY = "Apple Development";
				CODE_SIGN_STYLE = Automatic;
				CURRENT_PROJECT_VERSION = 1;
				DEVELOPMENT_TEAM = 6DXT245L5T;
				GENERATE_INFOPLIST_FILE = YES;
				INFOPLIST_FILE = DSMCafe/Info.plist;
				INFOPLIST_KEY_CFBundleDisplayName = "일일카페";
				INFOPLIST_KEY_UIApplicationSupportsIndirectInputEvents = YES;
				INFOPLIST_KEY_UILaunchStoryboardName = LaunchScreen;
				INFOPLIST_KEY_UIMainStoryboardFile = Main;
				INFOPLIST_KEY_UIRequiresFullScreen = YES;
				INFOPLIST_KEY_UISupportedInterfaceOrientations = "UIInterfaceOrientationLandscapeLeft UIInterfaceOrientationLandscapeRight";
				IPHONEOS_DEPLOYMENT_TARGET = 15.0;
				LD_RUNPATH_SEARCH_PATHS = (
					"$(inherited)",
					"@executable_path/Frameworks",
				);
				MARKETING_VERSION = 1.0;
				PRODUCT_BUNDLE_IDENTIFIER = konkuk.jhpark.DSMCafe;
				PRODUCT_NAME = "$(TARGET_NAME)";
				PROVISIONING_PROFILE_SPECIFIER = "";
				SWIFT_EMIT_LOC_STRINGS = YES;
				SWIFT_VERSION = 5.0;
				TARGETED_DEVICE_FAMILY = "1,2";
			};
			name = Release;
		};
/* End XCBuildConfiguration section */

/* Begin XCConfigurationList section */
		1AC1AF9C28F9340000772167 /* Build configuration list for PBXProject "DSMCafe" */ = {
			isa = XCConfigurationList;
			buildConfigurations = (
				1AC1AFB328F9340600772167 /* Debug */,
				1AC1AFB428F9340600772167 /* Release */,
			);
			defaultConfigurationIsVisible = 0;
			defaultConfigurationName = Release;
		};
		1AC1AFB528F9340600772167 /* Build configuration list for PBXNativeTarget "DSMCafe" */ = {
			isa = XCConfigurationList;
			buildConfigurations = (
				1AC1AFB628F9340600772167 /* Debug */,
				1AC1AFB728F9340600772167 /* Release */,
			);
			defaultConfigurationIsVisible = 0;
			defaultConfigurationName = Release;
		};
/* End XCConfigurationList section */
	};
	rootObject = 1AC1AF9928F9340000772167 /* Project object */;
}
